# This file is automatically @generated by Cargo.
# It is not intended for manual editing.
version = 3

[[package]]
name = "mmio"
version = "0.1.0"
source = "git+https://github.com/ChaoticOnyx/OnyxBay14.Drivers#50a67b1359866a4f56054b4d234488dbc76d248b"

[[package]]
name = "pci"
version = "0.1.0"
source = "git+https://github.com/ChaoticOnyx/OnyxBay14.Drivers#50a67b1359866a4f56054b4d234488dbc76d248b"
dependencies = [
 "mmio",
]

[[package]]
name = "template_fw"
version = "0.1.0"
dependencies = [
 "pci",
 "tts",
]

[[package]]
name = "tts"
version = "0.1.0"
source = "git+https://github.com/ChaoticOnyx/OnyxBay14.Drivers#50a67b1359866a4f56054b4d234488dbc76d248b"
dependencies = [
 "pci",
]
